
Microsoft Visual Studio Solution File, Format Version 12.00
# Visual Studio 15
VisualStudioVersion = 15.0.26124.0
MinimumVisualStudioVersion = 15.0.26124.0
Project("{2150E333-8FDC-42A3-9474-1A3956D46DE8}") = "src", "src", "{05901EEB-E65A-4557-933E-1DB52D2C7C05}"
EndProject
Project("{FAE04EC0-301F-11D3-BF4B-00C04F79EFBC}") = "CopaFilmes.Api", "src\CopaFilmes.Api\CopaFilmes.Api.csproj", "{5C90C2BF-0B4E-47B9-955B-724A517FA8E7}"
EndProject
Project("{FAE04EC0-301F-11D3-BF4B-00C04F79EFBC}") = "CopaFilmes.Domain", "src\CopaFilmes.Domain\CopaFilmes.Domain.csproj", "{4B979C13-8AE6-4373-8681-297682FAEBE3}"
EndProject
Project("{FAE04EC0-301F-11D3-BF4B-00C04F79EFBC}") = "CopaFilmes.Tests", "tests\CopaFilmes.Tests.csproj", "{19D937C5-0420-4D0D-878D-16166F1C76B5}"
EndProject
Global
	GlobalSection(SolutionConfigurationPlatforms) = preSolution
		Debug|Any CPU = Debug|Any CPU
		Debug|x64 = Debug|x64
		Debug|x86 = Debug|x86
		Release|Any CPU = Release|Any CPU
		Release|x64 = Release|x64
		Release|x86 = Release|x86
	EndGlobalSection
	GlobalSection(SolutionProperties) = preSolution
		HideSolutionNode = FALSE
	EndGlobalSection
	GlobalSection(ProjectConfigurationPlatforms) = postSolution
		{5C90C2BF-0B4E-47B9-955B-724A517FA8E7}.Debug|Any CPU.ActiveCfg = Debug|Any CPU
		{5C90C2BF-0B4E-47B9-955B-724A517FA8E7}.Debug|Any CPU.Build.0 = Debug|Any CPU
		{5C90C2BF-0B4E-47B9-955B-724A517FA8E7}.Debug|x64.ActiveCfg = Debug|Any CPU
		{5C90C2BF-0B4E-47B9-955B-724A517FA8E7}.Debug|x64.Build.0 = Debug|Any CPU
		{5C90C2BF-0B4E-47B9-955B-724A517FA8E7}.Debug|x86.ActiveCfg = Debug|Any CPU
		{5C90C2BF-0B4E-47B9-955B-724A517FA8E7}.Debug|x86.Build.0 = Debug|Any CPU
		{5C90C2BF-0B4E-47B9-955B-724A517FA8E7}.Release|Any CPU.ActiveCfg = Release|Any CPU
		{5C90C2BF-0B4E-47B9-955B-724A517FA8E7}.Release|Any CPU.Build.0 = Release|Any CPU
		{5C90C2BF-0B4E-47B9-955B-724A517FA8E7}.Release|x64.ActiveCfg = Release|Any CPU
		{5C90C2BF-0B4E-47B9-955B-724A517FA8E7}.Release|x64.Build.0 = Release|Any CPU
		{5C90C2BF-0B4E-47B9-955B-724A517FA8E7}.Release|x86.ActiveCfg = Release|Any CPU
		{5C90C2BF-0B4E-47B9-955B-724A517FA8E7}.Release|x86.Build.0 = Release|Any CPU
		{4B979C13-8AE6-4373-8681-297682FAEBE3}.Debug|Any CPU.ActiveCfg = Debug|Any CPU
		{4B979C13-8AE6-4373-8681-297682FAEBE3}.Debug|Any CPU.Build.0 = Debug|Any CPU
		{4B979C13-8AE6-4373-8681-297682FAEBE3}.Debug|x64.ActiveCfg = Debug|Any CPU
		{4B979C13-8AE6-4373-8681-297682FAEBE3}.Debug|x64.Build.0 = Debug|Any CPU
		{4B979C13-8AE6-4373-8681-297682FAEBE3}.Debug|x86.ActiveCfg = Debug|Any CPU
		{4B979C13-8AE6-4373-8681-297682FAEBE3}.Debug|x86.Build.0 = Debug|Any CPU
		{4B979C13-8AE6-4373-8681-297682FAEBE3}.Release|Any CPU.ActiveCfg = Release|Any CPU
		{4B979C13-8AE6-4373-8681-297682FAEBE3}.Release|Any CPU.Build.0 = Release|Any CPU
		{4B979C13-8AE6-4373-8681-297682FAEBE3}.Release|x64.ActiveCfg = Release|Any CPU
		{4B979C13-8AE6-4373-8681-297682FAEBE3}.Release|x64.Build.0 = Release|Any CPU
		{4B979C13-8AE6-4373-8681-297682FAEBE3}.Release|x86.ActiveCfg = Release|Any CPU
		{4B979C13-8AE6-4373-8681-297682FAEBE3}.Release|x86.Build.0 = Release|Any CPU
		{19D937C5-0420-4D0D-878D-16166F1C76B5}.Debug|Any CPU.ActiveCfg = Debug|Any CPU
		{19D937C5-0420-4D0D-878D-16166F1C76B5}.Debug|Any CPU.Build.0 = Debug|Any CPU
		{19D937C5-0420-4D0D-878D-16166F1C76B5}.Debug|x64.ActiveCfg = Debug|Any CPU
		{19D937C5-0420-4D0D-878D-16166F1C76B5}.Debug|x64.Build.0 = Debug|Any CPU
		{19D937C5-0420-4D0D-878D-16166F1C76B5}.Debug|x86.ActiveCfg = Debug|Any CPU
		{19D937C5-0420-4D0D-878D-16166F1C76B5}.Debug|x86.Build.0 = Debug|Any CPU
		{19D937C5-0420-4D0D-878D-16166F1C76B5}.Release|Any CPU.ActiveCfg = Release|Any CPU
		{19D937C5-0420-4D0D-878D-16166F1C76B5}.Release|Any CPU.Build.0 = Release|Any CPU
		{19D937C5-0420-4D0D-878D-16166F1C76B5}.Release|x64.ActiveCfg = Release|Any CPU
		{19D937C5-0420-4D0D-878D-16166F1C76B5}.Release|x64.Build.0 = Release|Any CPU
		{19D937C5-0420-4D0D-878D-16166F1C76B5}.Release|x86.ActiveCfg = Release|Any CPU
		{19D937C5-0420-4D0D-878D-16166F1C76B5}.Release|x86.Build.0 = Release|Any CPU
	EndGlobalSection
	GlobalSection(NestedProjects) = preSolution
		{5C90C2BF-0B4E-47B9-955B-724A517FA8E7} = {05901EEB-E65A-4557-933E-1DB52D2C7C05}
		{4B979C13-8AE6-4373-8681-297682FAEBE3} = {05901EEB-E65A-4557-933E-1DB52D2C7C05}
	EndGlobalSection
EndGlobal
